
Microsoft Visual Studio Solution File, Format Version 12.00
# Visual Studio Version 16
VisualStudioVersion = 16.0.33920.266
MinimumVisualStudioVersion = 10.0.40219.1
Project("{FAE04EC0-301F-11D3-BF4B-00C04F79EFBC}") = "16.11", "16.11\16.11.csproj", "{6B2E507B-C5F2-491A-89A6-08AC64606CB4}"
EndProject
Global
	GlobalSection(SolutionConfigurationPlatforms) = preSolution
		Debug|Any CPU = Debug|Any CPU
		Release|Any CPU = Release|Any CPU
	EndGlobalSection
	GlobalSection(ProjectConfigurationPlatforms) = postSolution
		{6B2E507B-C5F2-491A-89A6-08AC64606CB4}.Debug|Any CPU.ActiveCfg = Debug|Any CPU
		{6B2E507B-C5F2-491A-89A6-08AC64606CB4}.Debug|Any CPU.Build.0 = Debug|Any CPU
		{6B2E507B-C5F2-491A-89A6-08AC64606CB4}.Release|Any CPU.ActiveCfg = Release|Any CPU
		{6B2E507B-C5F2-491A-89A6-08AC64606CB4}.Release|Any CPU.Build.0 = Release|Any CPU
	EndGlobalSection
	GlobalSection(SolutionProperties) = preSolution
		HideSolutionNode = FALSE
	EndGlobalSection
	GlobalSection(ExtensibilityGlobals) = postSolution
		SolutionGuid = {E974E218-55AA-4DB6-A881-2958DEE42942}
	EndGlobalSection
EndGlobal
